
Microsoft Visual Studio Solution File, Format Version 12.00
# Visual Studio Version 16
VisualStudioVersion = 25.0.1706.14
MinimumVisualStudioVersion = 10.0.40219.1
Project("{FAE04EC0-301F-11D3-BF4B-00C04F79EFBC}") = "cicddotnet", "cicddotnet\cicddotnet.csproj", "{16EDD1EE-6708-4E20-A603-B699ADCF2351}"
EndProject
Global
	GlobalSection(SolutionConfigurationPlatforms) = preSolution
		Debug|Any CPU = Debug|Any CPU
		Release|Any CPU = Release|Any CPU
	EndGlobalSection
	GlobalSection(ProjectConfigurationPlatforms) = postSolution
		{16EDD1EE-6708-4E20-A603-B699ADCF2351}.Debug|Any CPU.ActiveCfg = Debug|Any CPU
		{16EDD1EE-6708-4E20-A603-B699ADCF2351}.Debug|Any CPU.Build.0 = Debug|Any CPU
		{16EDD1EE-6708-4E20-A603-B699ADCF2351}.Release|Any CPU.ActiveCfg = Release|Any CPU
		{16EDD1EE-6708-4E20-A603-B699ADCF2351}.Release|Any CPU.Build.0 = Release|Any CPU
	EndGlobalSection
	GlobalSection(SolutionProperties) = preSolution
		HideSolutionNode = FALSE
	EndGlobalSection
	GlobalSection(ExtensibilityGlobals) = postSolution
		SolutionGuid = {5791E18A-1926-4CDC-A7D0-5F56637A6CF5}
	EndGlobalSection
EndGlobal
